
Microsoft Visual Studio Solution File, Format Version 12.00
# Visual Studio Version 17
VisualStudioVersion = 17.11.35219.272
MinimumVisualStudioVersion = 10.0.40219.1
Project("{FAE04EC0-301F-11D3-BF4B-00C04F79EFBC}") = "EvaluacionSoftware", "EvaluacionSoftware\EvaluacionSoftware.csproj", "{36324996-B30F-40AF-BBAD-97C7C21C0F69}"
EndProject
Project("{FAE04EC0-301F-11D3-BF4B-00C04F79EFBC}") = "Modelo", "Modelo\Modelo.csproj", "{5E43E444-929D-4D03-BDC9-C206117A85EF}"
EndProject
Project("{FAE04EC0-301F-11D3-BF4B-00C04F79EFBC}") = "Controlador", "Controlador\Controlador.csproj", "{AAC04DB3-35A6-4BEB-8094-9CD68A24C725}"
EndProject
Global
	GlobalSection(SolutionConfigurationPlatforms) = preSolution
		Debug|Any CPU = Debug|Any CPU
		Release|Any CPU = Release|Any CPU
	EndGlobalSection
	GlobalSection(ProjectConfigurationPlatforms) = postSolution
		{36324996-B30F-40AF-BBAD-97C7C21C0F69}.Debug|Any CPU.ActiveCfg = Debug|Any CPU
		{36324996-B30F-40AF-BBAD-97C7C21C0F69}.Debug|Any CPU.Build.0 = Debug|Any CPU
		{36324996-B30F-40AF-BBAD-97C7C21C0F69}.Release|Any CPU.ActiveCfg = Release|Any CPU
		{36324996-B30F-40AF-BBAD-97C7C21C0F69}.Release|Any CPU.Build.0 = Release|Any CPU
		{5E43E444-929D-4D03-BDC9-C206117A85EF}.Debug|Any CPU.ActiveCfg = Debug|Any CPU
		{5E43E444-929D-4D03-BDC9-C206117A85EF}.Debug|Any CPU.Build.0 = Debug|Any CPU
		{5E43E444-929D-4D03-BDC9-C206117A85EF}.Release|Any CPU.ActiveCfg = Release|Any CPU
		{5E43E444-929D-4D03-BDC9-C206117A85EF}.Release|Any CPU.Build.0 = Release|Any CPU
		{AAC04DB3-35A6-4BEB-8094-9CD68A24C725}.Debug|Any CPU.ActiveCfg = Debug|Any CPU
		{AAC04DB3-35A6-4BEB-8094-9CD68A24C725}.Debug|Any CPU.Build.0 = Debug|Any CPU
		{AAC04DB3-35A6-4BEB-8094-9CD68A24C725}.Release|Any CPU.ActiveCfg = Release|Any CPU
		{AAC04DB3-35A6-4BEB-8094-9CD68A24C725}.Release|Any CPU.Build.0 = Release|Any CPU
	EndGlobalSection
	GlobalSection(SolutionProperties) = preSolution
		HideSolutionNode = FALSE
	EndGlobalSection
	GlobalSection(ExtensibilityGlobals) = postSolution
		SolutionGuid = {A971B24F-89AA-47D7-9512-623C82BB18FB}
	EndGlobalSection
EndGlobal
